
Microsoft Visual Studio Solution File, Format Version 12.00
# Visual Studio Version 17
VisualStudioVersion = 17.4.33205.214
MinimumVisualStudioVersion = 10.0.40219.1
Project("{FAE04EC0-301F-11D3-BF4B-00C04F79EFBC}") = "Cards Reborn", "Cards Reborn\Cards Reborn.csproj", "{D29064A6-349F-4DD3-8669-0CB84C38437D}"
EndProject
Global
	GlobalSection(SolutionConfigurationPlatforms) = preSolution
		Debug|Any CPU = Debug|Any CPU
		Release|Any CPU = Release|Any CPU
	EndGlobalSection
	GlobalSection(ProjectConfigurationPlatforms) = postSolution
		{D29064A6-349F-4DD3-8669-0CB84C38437D}.Debug|Any CPU.ActiveCfg = Debug|Any CPU
		{D29064A6-349F-4DD3-8669-0CB84C38437D}.Debug|Any CPU.Build.0 = Debug|Any CPU
		{D29064A6-349F-4DD3-8669-0CB84C38437D}.Release|Any CPU.ActiveCfg = Release|Any CPU
		{D29064A6-349F-4DD3-8669-0CB84C38437D}.Release|Any CPU.Build.0 = Release|Any CPU
	EndGlobalSection
	GlobalSection(SolutionProperties) = preSolution
		HideSolutionNode = FALSE
	EndGlobalSection
	GlobalSection(ExtensibilityGlobals) = postSolution
		SolutionGuid = {8E8B2E04-1A88-452E-BC09-E65571341B1C}
	EndGlobalSection
EndGlobal
